
Microsoft Visual Studio Solution File, Format Version 12.00
# Visual Studio Version 17
VisualStudioVersion = 17.9.34701.34
MinimumVisualStudioVersion = 10.0.40219.1
Project("{FAE04EC0-301F-11D3-BF4B-00C04F79EFBC}") = "DVP", "DVP\DVP.csproj", "{553B9985-9B5A-40A9-818B-9052C10A8510}"
EndProject
Project("{FAE04EC0-301F-11D3-BF4B-00C04F79EFBC}") = "DataAccess", "DataAccess\DataAccess.csproj", "{C97196F1-0F75-4A62-92A2-A7207763E638}"
EndProject
Global
	GlobalSection(SolutionConfigurationPlatforms) = preSolution
		Debug|Any CPU = Debug|Any CPU
		Release|Any CPU = Release|Any CPU
	EndGlobalSection
	GlobalSection(ProjectConfigurationPlatforms) = postSolution
		{553B9985-9B5A-40A9-818B-9052C10A8510}.Debug|Any CPU.ActiveCfg = Debug|Any CPU
		{553B9985-9B5A-40A9-818B-9052C10A8510}.Debug|Any CPU.Build.0 = Debug|Any CPU
		{553B9985-9B5A-40A9-818B-9052C10A8510}.Release|Any CPU.ActiveCfg = Release|Any CPU
		{553B9985-9B5A-40A9-818B-9052C10A8510}.Release|Any CPU.Build.0 = Release|Any CPU
		{C97196F1-0F75-4A62-92A2-A7207763E638}.Debug|Any CPU.ActiveCfg = Debug|Any CPU
		{C97196F1-0F75-4A62-92A2-A7207763E638}.Debug|Any CPU.Build.0 = Debug|Any CPU
		{C97196F1-0F75-4A62-92A2-A7207763E638}.Release|Any CPU.ActiveCfg = Release|Any CPU
		{C97196F1-0F75-4A62-92A2-A7207763E638}.Release|Any CPU.Build.0 = Release|Any CPU
	EndGlobalSection
	GlobalSection(SolutionProperties) = preSolution
		HideSolutionNode = FALSE
	EndGlobalSection
	GlobalSection(ExtensibilityGlobals) = postSolution
		SolutionGuid = {85EB9BED-ACCF-4BBB-9C2A-3B0364AFF342}
	EndGlobalSection
EndGlobal
